
Microsoft Visual Studio Solution File, Format Version 12.00
# Visual Studio Version 16
VisualStudioVersion = 16.0.33920.266
MinimumVisualStudioVersion = 10.0.40219.1
Project("{FAE04EC0-301F-11D3-BF4B-00C04F79EFBC}") = "AuditoriaVista", "AuditoriaVista\AuditoriaVista.csproj", "{C8703387-ED97-43B4-AFF4-1EA1FB719557}"
EndProject
Project("{FAE04EC0-301F-11D3-BF4B-00C04F79EFBC}") = "AuditoriaControlador", "AuditoriaControlador\AuditoriaControlador.csproj", "{71224E1A-A1ED-4869-BEE3-B937B763F14F}"
EndProject
Project("{FAE04EC0-301F-11D3-BF4B-00C04F79EFBC}") = "AuditoriaModelo", "AuditoriaModelo\AuditoriaModelo.csproj", "{0F806D28-3B18-4D90-9A19-57FE00F1906D}"
EndProject
Global
	GlobalSection(SolutionConfigurationPlatforms) = preSolution
		Debug|Any CPU = Debug|Any CPU
		Release|Any CPU = Release|Any CPU
	EndGlobalSection
	GlobalSection(ProjectConfigurationPlatforms) = postSolution
		{C8703387-ED97-43B4-AFF4-1EA1FB719557}.Debug|Any CPU.ActiveCfg = Debug|Any CPU
		{C8703387-ED97-43B4-AFF4-1EA1FB719557}.Debug|Any CPU.Build.0 = Debug|Any CPU
		{C8703387-ED97-43B4-AFF4-1EA1FB719557}.Release|Any CPU.ActiveCfg = Release|Any CPU
		{C8703387-ED97-43B4-AFF4-1EA1FB719557}.Release|Any CPU.Build.0 = Release|Any CPU
		{71224E1A-A1ED-4869-BEE3-B937B763F14F}.Debug|Any CPU.ActiveCfg = Debug|Any CPU
		{71224E1A-A1ED-4869-BEE3-B937B763F14F}.Debug|Any CPU.Build.0 = Debug|Any CPU
		{71224E1A-A1ED-4869-BEE3-B937B763F14F}.Release|Any CPU.ActiveCfg = Release|Any CPU
		{71224E1A-A1ED-4869-BEE3-B937B763F14F}.Release|Any CPU.Build.0 = Release|Any CPU
		{0F806D28-3B18-4D90-9A19-57FE00F1906D}.Debug|Any CPU.ActiveCfg = Debug|Any CPU
		{0F806D28-3B18-4D90-9A19-57FE00F1906D}.Debug|Any CPU.Build.0 = Debug|Any CPU
		{0F806D28-3B18-4D90-9A19-57FE00F1906D}.Release|Any CPU.ActiveCfg = Release|Any CPU
		{0F806D28-3B18-4D90-9A19-57FE00F1906D}.Release|Any CPU.Build.0 = Release|Any CPU
	EndGlobalSection
	GlobalSection(SolutionProperties) = preSolution
		HideSolutionNode = FALSE
	EndGlobalSection
	GlobalSection(ExtensibilityGlobals) = postSolution
		SolutionGuid = {37BC1048-BD77-4E69-A0BE-B04E24683215}
	EndGlobalSection
EndGlobal
